
Microsoft Visual Studio Solution File, Format Version 12.00
# Visual Studio Version 17
VisualStudioVersion = 17.3.32929.385
MinimumVisualStudioVersion = 10.0.40219.1
Project("{9A19103F-16F7-4668-BE54-9A1E7A4F7556}") = "ToolGood.Bedrock", "ToolGood.Bedrock\ToolGood.Bedrock.csproj", "{EF5C6E5B-AC95-43FC-A5F4-184E4E3CCAC5}"
EndProject
Project("{9A19103F-16F7-4668-BE54-9A1E7A4F7556}") = "ToolGood.Bedrock.Web", "ToolGood.Bedrock.Web\ToolGood.Bedrock.Web.csproj", "{FDDC671D-0198-41BE-939E-1BEF0B4CD7F4}"
EndProject
Project("{2150E333-8FDC-42A3-9474-1A3956D46DE8}") = "_test", "_test", "{D2B91058-C0AD-4232-97A3-61D63DCE8EFF}"
EndProject
Project("{9A19103F-16F7-4668-BE54-9A1E7A4F7556}") = "ToolGood.Bedrock.Web30.Test", "ToolGood.Bedrock.Web30.Test\ToolGood.Bedrock.Web30.Test.csproj", "{B29AC2E6-49F6-40B8-8D3A-5AB305BDFEAE}"
EndProject
Project("{9A19103F-16F7-4668-BE54-9A1E7A4F7556}") = "WebApplication1", "WebApplication1\WebApplication1.csproj", "{5F523227-18D0-4582-9063-D284ECCB495A}"
EndProject
Project("{9A19103F-16F7-4668-BE54-9A1E7A4F7556}") = "WebApplication2", "WebApplication2\WebApplication2.csproj", "{21A608C8-962F-4BCD-8F7D-BB9FD886BE2D}"
EndProject
Project("{9A19103F-16F7-4668-BE54-9A1E7A4F7556}") = "ToolGood.WwwRoot.Test", "ToolGood.WwwRoot.Test\ToolGood.WwwRoot.Test.csproj", "{1C46FED8-7A3F-4DB4-BC31-F38D6F228CDC}"
EndProject
Project("{9A19103F-16F7-4668-BE54-9A1E7A4F7556}") = "ToolGood.WwwRoot", "ToolGood.WwwRoot\ToolGood.WwwRoot.csproj", "{21720749-4DA5-479A-B043-BC096A95B05F}"
EndProject
Project("{9A19103F-16F7-4668-BE54-9A1E7A4F7556}") = "ToolGood.Bedrock.Web.Test", "ToolGood.Bedrock.Web.Test\ToolGood.Bedrock.Web.Test.csproj", "{9C7A3B0E-A56B-42EC-B2AD-D604C441A6CE}"
EndProject
Project("{FAE04EC0-301F-11D3-BF4B-00C04F79EFBC}") = "ToolGood.BlindWatermark", "ToolGood.BlindWatermark\ToolGood.BlindWatermark.csproj", "{18163CD3-8E3E-4A30-8081-3B139CED5534}"
EndProject
Global
	GlobalSection(SolutionConfigurationPlatforms) = preSolution
		Debug|Any CPU = Debug|Any CPU
		Release|Any CPU = Release|Any CPU
	EndGlobalSection
	GlobalSection(ProjectConfigurationPlatforms) = postSolution
		{EF5C6E5B-AC95-43FC-A5F4-184E4E3CCAC5}.Debug|Any CPU.ActiveCfg = Debug|Any CPU
		{EF5C6E5B-AC95-43FC-A5F4-184E4E3CCAC5}.Debug|Any CPU.Build.0 = Debug|Any CPU
		{EF5C6E5B-AC95-43FC-A5F4-184E4E3CCAC5}.Release|Any CPU.ActiveCfg = Release|Any CPU
		{EF5C6E5B-AC95-43FC-A5F4-184E4E3CCAC5}.Release|Any CPU.Build.0 = Release|Any CPU
		{FDDC671D-0198-41BE-939E-1BEF0B4CD7F4}.Debug|Any CPU.ActiveCfg = Debug|Any CPU
		{FDDC671D-0198-41BE-939E-1BEF0B4CD7F4}.Debug|Any CPU.Build.0 = Debug|Any CPU
		{FDDC671D-0198-41BE-939E-1BEF0B4CD7F4}.Release|Any CPU.ActiveCfg = Release|Any CPU
		{FDDC671D-0198-41BE-939E-1BEF0B4CD7F4}.Release|Any CPU.Build.0 = Release|Any CPU
		{B29AC2E6-49F6-40B8-8D3A-5AB305BDFEAE}.Debug|Any CPU.ActiveCfg = Debug|Any CPU
		{B29AC2E6-49F6-40B8-8D3A-5AB305BDFEAE}.Debug|Any CPU.Build.0 = Debug|Any CPU
		{B29AC2E6-49F6-40B8-8D3A-5AB305BDFEAE}.Release|Any CPU.ActiveCfg = Release|Any CPU
		{B29AC2E6-49F6-40B8-8D3A-5AB305BDFEAE}.Release|Any CPU.Build.0 = Release|Any CPU
		{5F523227-18D0-4582-9063-D284ECCB495A}.Debug|Any CPU.ActiveCfg = Debug|Any CPU
		{5F523227-18D0-4582-9063-D284ECCB495A}.Debug|Any CPU.Build.0 = Debug|Any CPU
		{5F523227-18D0-4582-9063-D284ECCB495A}.Release|Any CPU.ActiveCfg = Release|Any CPU
		{5F523227-18D0-4582-9063-D284ECCB495A}.Release|Any CPU.Build.0 = Release|Any CPU
		{21A608C8-962F-4BCD-8F7D-BB9FD886BE2D}.Debug|Any CPU.ActiveCfg = Debug|Any CPU
		{21A608C8-962F-4BCD-8F7D-BB9FD886BE2D}.Debug|Any CPU.Build.0 = Debug|Any CPU
		{21A608C8-962F-4BCD-8F7D-BB9FD886BE2D}.Release|Any CPU.ActiveCfg = Release|Any CPU
		{21A608C8-962F-4BCD-8F7D-BB9FD886BE2D}.Release|Any CPU.Build.0 = Release|Any CPU
		{1C46FED8-7A3F-4DB4-BC31-F38D6F228CDC}.Debug|Any CPU.ActiveCfg = Debug|Any CPU
		{1C46FED8-7A3F-4DB4-BC31-F38D6F228CDC}.Debug|Any CPU.Build.0 = Debug|Any CPU
		{1C46FED8-7A3F-4DB4-BC31-F38D6F228CDC}.Release|Any CPU.ActiveCfg = Release|Any CPU
		{1C46FED8-7A3F-4DB4-BC31-F38D6F228CDC}.Release|Any CPU.Build.0 = Release|Any CPU
		{21720749-4DA5-479A-B043-BC096A95B05F}.Debug|Any CPU.ActiveCfg = Debug|Any CPU
		{21720749-4DA5-479A-B043-BC096A95B05F}.Debug|Any CPU.Build.0 = Debug|Any CPU
		{21720749-4DA5-479A-B043-BC096A95B05F}.Release|Any CPU.ActiveCfg = Release|Any CPU
		{21720749-4DA5-479A-B043-BC096A95B05F}.Release|Any CPU.Build.0 = Release|Any CPU
		{9C7A3B0E-A56B-42EC-B2AD-D604C441A6CE}.Debug|Any CPU.ActiveCfg = Debug|Any CPU
		{9C7A3B0E-A56B-42EC-B2AD-D604C441A6CE}.Debug|Any CPU.Build.0 = Debug|Any CPU
		{9C7A3B0E-A56B-42EC-B2AD-D604C441A6CE}.Release|Any CPU.ActiveCfg = Release|Any CPU
		{9C7A3B0E-A56B-42EC-B2AD-D604C441A6CE}.Release|Any CPU.Build.0 = Release|Any CPU
		{18163CD3-8E3E-4A30-8081-3B139CED5534}.Debug|Any CPU.ActiveCfg = Debug|Any CPU
		{18163CD3-8E3E-4A30-8081-3B139CED5534}.Debug|Any CPU.Build.0 = Debug|Any CPU
		{18163CD3-8E3E-4A30-8081-3B139CED5534}.Release|Any CPU.ActiveCfg = Release|Any CPU
		{18163CD3-8E3E-4A30-8081-3B139CED5534}.Release|Any CPU.Build.0 = Release|Any CPU
	EndGlobalSection
	GlobalSection(SolutionProperties) = preSolution
		HideSolutionNode = FALSE
	EndGlobalSection
	GlobalSection(NestedProjects) = preSolution
		{B29AC2E6-49F6-40B8-8D3A-5AB305BDFEAE} = {D2B91058-C0AD-4232-97A3-61D63DCE8EFF}
		{5F523227-18D0-4582-9063-D284ECCB495A} = {D2B91058-C0AD-4232-97A3-61D63DCE8EFF}
		{21A608C8-962F-4BCD-8F7D-BB9FD886BE2D} = {D2B91058-C0AD-4232-97A3-61D63DCE8EFF}
		{1C46FED8-7A3F-4DB4-BC31-F38D6F228CDC} = {D2B91058-C0AD-4232-97A3-61D63DCE8EFF}
		{9C7A3B0E-A56B-42EC-B2AD-D604C441A6CE} = {D2B91058-C0AD-4232-97A3-61D63DCE8EFF}
	EndGlobalSection
	GlobalSection(ExtensibilityGlobals) = postSolution
		SolutionGuid = {3BBDAA42-CE0E-4231-A160-B71D966211D1}
	EndGlobalSection
EndGlobal
